
Microsoft Visual Studio Solution File, Format Version 12.00
# Visual Studio Version 17
VisualStudioVersion = 17.10.34928.147
MinimumVisualStudioVersion = 10.0.40219.1
Project("{FAE04EC0-301F-11D3-BF4B-00C04F79EFBC}") = "EniadCsharpDotnet", "CsharpProjects\EniadCsharpDotnet\EniadCsharpDotnet.csproj", "{A5692933-1245-434F-958B-26926507C262}"
EndProject
Project("{FAE04EC0-301F-11D3-BF4B-00C04F79EFBC}") = "EniadCsharpDotnet.Tests", "tests\EniadCsharpDotnet.Tests\EniadCsharpDotnet.Tests.csproj", "{B6A4D13E-4C8B-4A2C-9A2D-3E2E0F8F9B72}"
EndProject
Global
    GlobalSection(SolutionConfigurationPlatforms) = preSolution
        Debug|Any CPU = Debug|Any CPU
        Release|Any CPU = Release|Any CPU
    EndGlobalSection
    GlobalSection(ProjectConfigurationPlatforms) = postSolution
        {A5692933-1245-434F-958B-26926507C262}.Debug|Any CPU.ActiveCfg = Debug|Any CPU
        {A5692933-1245-434F-958B-26926507C262}.Debug|Any CPU.Build.0 = Debug|Any CPU
        {A5692933-1245-434F-958B-26926507C262}.Release|Any CPU.ActiveCfg = Release|Any CPU
        {A5692933-1245-434F-958B-26926507C262}.Release|Any CPU.Build.0 = Release|Any CPU
        {B6A4D13E-4C8B-4A2C-9A2D-3E2E0F8F9B72}.Debug|Any CPU.ActiveCfg = Debug|Any CPU
        {B6A4D13E-4C8B-4A2C-9A2D-3E2E0F8F9B72}.Debug|Any CPU.Build.0 = Debug|Any CPU
        {B6A4D13E-4C8B-4A2C-9A2D-3E2E0F8F9B72}.Release|Any CPU.ActiveCfg = Release|Any CPU
        {B6A4D13E-4C8B-4A2C-9A2D-3E2E0F8F9B72}.Release|Any CPU.Build.0 = Release|Any CPU
    EndGlobalSection
    GlobalSection(SolutionProperties) = preSolution
        HideSolutionNode = FALSE
    EndGlobalSection
EndGlobal
